
Microsoft Visual Studio Solution File, Format Version 12.00
# Visual Studio Version 16
VisualStudioVersion = 16.0.31005.135
MinimumVisualStudioVersion = 10.0.40219.1
Project("{FAE04EC0-301F-11D3-BF4B-00C04F79EFBC}") = "CustomerInformation", "CustomerInformation.csproj", "{901F3C48-D690-4C75-8047-CB8625FAB0D4}"
EndProject
Global
	GlobalSection(SolutionConfigurationPlatforms) = preSolution
		Debug|Any CPU = Debug|Any CPU
		Release|Any CPU = Release|Any CPU
	EndGlobalSection
	GlobalSection(ProjectConfigurationPlatforms) = postSolution
		{901F3C48-D690-4C75-8047-CB8625FAB0D4}.Debug|Any CPU.ActiveCfg = Debug|Any CPU
		{901F3C48-D690-4C75-8047-CB8625FAB0D4}.Debug|Any CPU.Build.0 = Debug|Any CPU
		{901F3C48-D690-4C75-8047-CB8625FAB0D4}.Release|Any CPU.ActiveCfg = Release|Any CPU
		{901F3C48-D690-4C75-8047-CB8625FAB0D4}.Release|Any CPU.Build.0 = Release|Any CPU
	EndGlobalSection
	GlobalSection(SolutionProperties) = preSolution
		HideSolutionNode = FALSE
	EndGlobalSection
	GlobalSection(ExtensibilityGlobals) = postSolution
		SolutionGuid = {BC22F095-2484-4C33-8417-2F930ED0D023}
	EndGlobalSection
EndGlobal
